// !$*UTF8*$!
{
	archiveVersion = 1;
	classes = {
	};
	objectVersion = 55;
	objects = {

/* Begin PBXBuildFile section */
		DC0ABAB327B4A62D00983BB9 /* AppDelegate.swift in Sources */ = {isa = PBXBuildFile; fileRef = DC0ABAB227B4A62D00983BB9 /* AppDelegate.swift */; };
		DC0ABAB527B4A62D00983BB9 /* SceneDelegate.swift in Sources */ = {isa = PBXBuildFile; fileRef = DC0ABAB427B4A62D00983BB9 /* SceneDelegate.swift */; };
		DC0ABAB727B4A62D00983BB9 /* ViewController.swift in Sources */ = {isa = PBXBuildFile; fileRef = DC0ABAB627B4A62D00983BB9 /* ViewController.swift */; };
		DC0ABABA27B4A62D00983BB9 /* Main.storyboard in Resources */ = {isa = PBXBuildFile; fileRef = DC0ABAB827B4A62D00983BB9 /* Main.storyboard */; };
		DC0ABABC27B4A62F00983BB9 /* Assets.xcassets in Resources */ = {isa = PBXBuildFile; fileRef = DC0ABABB27B4A62F00983BB9 /* Assets.xcassets */; };
		DC0ABABF27B4A62F00983BB9 /* LaunchScreen.storyboard in Resources */ = {isa = PBXBuildFile; fileRef = DC0ABABD27B4A62F00983BB9 /* LaunchScreen.storyboard */; };
		DC0ABACA27B4A62F00983BB9 /* HackwichThreeTests.swift in Sources */ = {isa = PBXBuildFile; fileRef = DC0ABAC927B4A62F00983BB9 /* HackwichThreeTests.swift */; };
		DC0ABAD427B4A62F00983BB9 /* HackwichThreeUITests.swift in Sources */ = {isa = PBXBuildFile; fileRef = DC0ABAD327B4A62F00983BB9 /* HackwichThreeUITests.swift */; };
		DC0ABAD627B4A62F00983BB9 /* HackwichThreeUITestsLaunchTests.swift in Sources */ = {isa = PBXBuildFile; fileRef = DC0ABAD527B4A62F00983BB9 /* HackwichThreeUITestsLaunchTests.swift */; };
/* End PBXBuildFile section */

/* Begin PBXContainerItemProxy section */
		DC0ABAC627B4A62F00983BB9 /* PBXContainerItemProxy */ = {
			isa = PBXContainerItemProxy;
			containerPortal = DC0ABAA727B4A62D00983BB9 /* Project object */;
			proxyType = 1;
			remoteGlobalIDString = DC0ABAAE27B4A62D00983BB9;
			remoteInfo = HackwichThree;
		};
		DC0ABAD027B4A62F00983BB9 /* PBXContainerItemProxy */ = {
			isa = PBXContainerItemProxy;
			containerPortal = DC0ABAA727B4A62D00983BB9 /* Project object */;
			proxyType = 1;
			remoteGlobalIDString = DC0ABAAE27B4A62D00983BB9;
			remoteInfo = HackwichThree;
		};
/* End PBXContainerItemProxy section */

/* Begin PBXFileReference section */
		DC0ABAAF27B4A62D00983BB9 /* HackwichThree.app */ = {isa = PBXFileReference; explicitFileType = wrapper.application; includeInIndex = 0; path = HackwichThree.app; sourceTree = BUILT_PRODUCTS_DIR; };
		DC0ABAB227B4A62D00983BB9 /* AppDelegate.swift */ = {isa = PBXFileReference; lastKnownFileType = sourcecode.swift; path = AppDelegate.swift; sourceTree = "<group>"; };
		DC0ABAB427B4A62D00983BB9 /* SceneDelegate.swift */ = {isa = PBXFileReference; lastKnownFileType = sourcecode.swift; path = SceneDelegate.swift; sourceTree = "<group>"; };
		DC0ABAB627B4A62D00983BB9 /* ViewController.swift */ = {isa = PBXFileReference; lastKnownFileType = sourcecode.swift; path = ViewController.swift; sourceTree = "<group>"; };
		DC0ABAB927B4A62D00983BB9 /* Base */ = {isa = PBXFileReference; lastKnownFileType = file.storyboard; name = Base; path = Base.lproj/Main.storyboard; sourceTree = "<group>"; };
		DC0ABABB27B4A62F00983BB9 /* Assets.xcassets */ = {isa = PBXFileReference; lastKnownFileType = folder.assetcatalog; path = Assets.xcassets; sourceTree = "<group>"; };
		DC0ABABE27B4A62F00983BB9 /* Base */ = {isa = PBXFileReference; lastKnownFileType = file.storyboard; name = Base; path = Base.lproj/LaunchScreen.storyboard; sourceTree = "<group>"; };
		DC0ABAC027B4A62F00983BB9 /* Info.plist */ = {isa = PBXFileReference; lastKnownFileType = text.plist.xml; path = Info.plist; sourceTree = "<group>"; };
		DC0ABAC527B4A62F00983BB9 /* HackwichThreeTests.xctest */ = {isa = PBXFileReference; explicitFileType = wrapper.cfbundle; includeInIndex = 0; path = HackwichThreeTests.xctest; sourceTree = BUILT_PRODUCTS_DIR; };
		DC0ABAC927B4A62F00983BB9 /* HackwichThreeTests.swift */ = {isa = PBXFileReference; lastKnownFileType = sourcecode.swift; path = HackwichThreeTests.swift; sourceTree = "<group>"; };
		DC0ABACF27B4A62F00983BB9 /* HackwichThreeUITests.xctest */ = {isa = PBXFileReference; explicitFileType = wrapper.cfbundle; includeInIndex = 0; path = HackwichThreeUITests.xctest; sourceTree = BUILT_PRODUCTS_DIR; };
		DC0ABAD327B4A62F00983BB9 /* HackwichThreeUITests.swift */ = {isa = PBXFileReference; lastKnownFileType = sourcecode.swift; path = HackwichThreeUITests.swift; sourceTree = "<group>"; };
		DC0ABAD527B4A62F00983BB9 /* HackwichThreeUITestsLaunchTests.swift */ = {isa = PBXFileReference; lastKnownFileType = sourcecode.swift; path = HackwichThreeUITestsLaunchTests.swift; sourceTree = "<group>"; };
/* End PBXFileReference section */

/* Begin PBXFrameworksBuildPhase section */
		DC0ABAAC27B4A62D00983BB9 /* Frameworks */ = {
			isa = PBXFrameworksBuildPhase;
			buildActionMask = 2147483647;
			files = (
			);
			runOnlyForDeploymentPostprocessing = 0;
		};
		DC0ABAC227B4A62F00983BB9 /* Frameworks */ = {
			isa = PBXFrameworksBuildPhase;
			buildActionMask = 2147483647;
			files = (
			);
			runOnlyForDeploymentPostprocessing = 0;
		};
		DC0ABACC27B4A62F00983BB9 /* Frameworks */ = {
			isa = PBXFrameworksBuildPhase;
			buildActionMask = 2147483647;
			files = (
			);
			runOnlyForDeploymentPostprocessing = 0;
		};
/* End PBXFrameworksBuildPhase section */

/* Begin PBXGroup section */
		DC0ABAA627B4A62D00983BB9 = {
			isa = PBXGroup;
			children = (
				DC0ABAB127B4A62D00983BB9 /* HackwichThree */,
				DC0ABAC827B4A62F00983BB9 /* HackwichThreeTests */,
				DC0ABAD227B4A62F00983BB9 /* HackwichThreeUITests */,
				DC0ABAB027B4A62D00983BB9 /* Products */,
			);
			sourceTree = "<group>";
		};
		DC0ABAB027B4A62D00983BB9 /* Products */ = {
			isa = PBXGroup;
			children = (
				DC0ABAAF27B4A62D00983BB9 /* HackwichThree.app */,
				DC0ABAC527B4A62F00983BB9 /* HackwichThreeTests.xctest */,
				DC0ABACF27B4A62F00983BB9 /* HackwichThreeUITests.xctest */,
			);
			name = Products;
			sourceTree = "<group>";
		};
		DC0ABAB127B4A62D00983BB9 /* HackwichThree */ = {
			isa = PBXGroup;
			children = (
				DC0ABAB227B4A62D00983BB9 /* AppDelegate.swift */,
				DC0ABAB427B4A62D00983BB9 /* SceneDelegate.swift */,
				DC0ABAB627B4A62D00983BB9 /* ViewController.swift */,
				DC0ABAB827B4A62D00983BB9 /* Main.storyboard */,
				DC0ABABB27B4A62F00983BB9 /* Assets.xcassets */,
				DC0ABABD27B4A62F00983BB9 /* LaunchScreen.storyboard */,
				DC0ABAC027B4A62F00983BB9 /* Info.plist */,
			);
			path = HackwichThree;
			sourceTree = "<group>";
		};
		DC0ABAC827B4A62F00983BB9 /* HackwichThreeTests */ = {
			isa = PBXGroup;
			children = (
				DC0ABAC927B4A62F00983BB9 /* HackwichThreeTests.swift */,
			);
			path = HackwichThreeTests;
			sourceTree = "<group>";
		};
		DC0ABAD227B4A62F00983BB9 /* HackwichThreeUITests */ = {
			isa = PBXGroup;
			children = (
				DC0ABAD327B4A62F00983BB9 /* HackwichThreeUITests.swift */,
				DC0ABAD527B4A62F00983BB9 /* HackwichThreeUITestsLaunchTests.swift */,
			);
			path = HackwichThreeUITests;
			sourceTree = "<group>";
		};
/* End PBXGroup section */

/* Begin PBXNativeTarget section */
		DC0ABAAE27B4A62D00983BB9 /* HackwichThree */ = {
			isa = PBXNativeTarget;
			buildConfigurationList = DC0ABAD927B4A62F00983BB9 /* Build configuration list for PBXNativeTarget "HackwichThree" */;
			buildPhases = (
				DC0ABAAB27B4A62D00983BB9 /* Sources */,
				DC0ABAAC27B4A62D00983BB9 /* Frameworks */,
				DC0ABAAD27B4A62D00983BB9 /* Resources */,
			);
			buildRules = (
			);
			dependencies = (
			);
			name = HackwichThree;
			productName = HackwichThree;
			productReference = DC0ABAAF27B4A62D00983BB9 /* HackwichThree.app */;
			productType = "com.apple.product-type.application";
		};
		DC0ABAC427B4A62F00983BB9 /* HackwichThreeTests */ = {
			isa = PBXNativeTarget;
			buildConfigurationList = DC0ABADC27B4A62F00983BB9 /* Build configuration list for PBXNativeTarget "HackwichThreeTests" */;
			buildPhases = (
				DC0ABAC127B4A62F00983BB9 /* Sources */,
				DC0ABAC227B4A62F00983BB9 /* Frameworks */,
				DC0ABAC327B4A62F00983BB9 /* Resources */,
			);
			buildRules = (
			);
			dependencies = (
				DC0ABAC727B4A62F00983BB9 /* PBXTargetDependency */,
			);
			name = HackwichThreeTests;
			productName = HackwichThreeTests;
			productReference = DC0ABAC527B4A62F00983BB9 /* HackwichThreeTests.xctest */;
			productType = "com.apple.product-type.bundle.unit-test";
		};
		DC0ABACE27B4A62F00983BB9 /* HackwichThreeUITests */ = {
			isa = PBXNativeTarget;
			buildConfigurationList = DC0ABADF27B4A62F00983BB9 /* Build configuration list for PBXNativeTarget "HackwichThreeUITests" */;
			buildPhases = (
				DC0ABACB27B4A62F00983BB9 /* Sources */,
				DC0ABACC27B4A62F00983BB9 /* Frameworks */,
				DC0ABACD27B4A62F00983BB9 /* Resources */,
			);
			buildRules = (
			);
			dependencies = (
				DC0ABAD127B4A62F00983BB9 /* PBXTargetDependency */,
			);
			name = HackwichThreeUITests;
			productName = HackwichThreeUITests;
			productReference = DC0ABACF27B4A62F00983BB9 /* HackwichThreeUITests.xctest */;
			productType = "com.apple.product-type.bundle.ui-testing";
		};
/* End PBXNativeTarget section */

/* Begin PBXProject section */
		DC0ABAA727B4A62D00983BB9 /* Project object */ = {
			isa = PBXProject;
			attributes = {
				BuildIndependentTargetsInParallel = 1;
				LastSwiftUpdateCheck = 1320;
				LastUpgradeCheck = 1320;
				TargetAttributes = {
					DC0ABAAE27B4A62D00983BB9 = {
						CreatedOnToolsVersion = 13.2.1;
					};
					DC0ABAC427B4A62F00983BB9 = {
						CreatedOnToolsVersion = 13.2.1;
						TestTargetID = DC0ABAAE27B4A62D00983BB9;
					};
					DC0ABACE27B4A62F00983BB9 = {
						CreatedOnToolsVersion = 13.2.1;
						TestTargetID = DC0ABAAE27B4A62D00983BB9;
					};
				};
			};
			buildConfigurationList = DC0ABAAA27B4A62D00983BB9 /* Build configuration list for PBXProject "HackwichThree" */;
			compatibilityVersion = "Xcode 13.0";
			developmentRegion = en;
			hasScannedForEncodings = 0;
			knownRegions = (
				en,
				Base,
			);
			mainGroup = DC0ABAA627B4A62D00983BB9;
			productRefGroup = DC0ABAB027B4A62D00983BB9 /* Products */;
			projectDirPath = "";
			projectRoot = "";
			targets = (
				DC0ABAAE27B4A62D00983BB9 /* HackwichThree */,
				DC0ABAC427B4A62F00983BB9 /* HackwichThreeTests */,
				DC0ABACE27B4A62F00983BB9 /* HackwichThreeUITests */,
			);
		};
/* End PBXProject section */

/* Begin PBXResourcesBuildPhase section */
		DC0ABAAD27B4A62D00983BB9 /* Resources */ = {
			isa = PBXResourcesBuildPhase;
			buildActionMask = 2147483647;
			files = (
				DC0ABABF27B4A62F00983BB9 /* LaunchScreen.storyboard in Resources */,
				DC0ABABC27B4A62F00983BB9 /* Assets.xcassets in Resources */,
				DC0ABABA27B4A62D00983BB9 /* Main.storyboard in Resources */,
			);
			runOnlyForDeploymentPostprocessing = 0;
		};
		DC0ABAC327B4A62F00983BB9 /* Resources */ = {
			isa = PBXResourcesBuildPhase;
			buildActionMask = 2147483647;
			files = (
			);
			runOnlyForDeploymentPostprocessing = 0;
		};
		DC0ABACD27B4A62F00983BB9 /* Resources */ = {
			isa = PBXResourcesBuildPhase;
			buildActionMask = 2147483647;
			files = (
			);
			runOnlyForDeploymentPostprocessing = 0;
		};
/* End PBXResourcesBuildPhase section */

/* Begin PBXSourcesBuildPhase section */
		DC0ABAAB27B4A62D00983BB9 /* Sources */ = {
			isa = PBXSourcesBuildPhase;
			buildActionMask = 2147483647;
			files = (
				DC0ABAB727B4A62D00983BB9 /* ViewController.swift in Sources */,
				DC0ABAB327B4A62D00983BB9 /* AppDelegate.swift in Sources */,
				DC0ABAB527B4A62D00983BB9 /* SceneDelegate.swift in Sources */,
			);
			runOnlyForDeploymentPostprocessing = 0;
		};
		DC0ABAC127B4A62F00983BB9 /* Sources */ = {
			isa = PBXSourcesBuildPhase;
			buildActionMask = 2147483647;
			files = (
				DC0ABACA27B4A62F00983BB9 /* HackwichThreeTests.swift in Sources */,
			);
			runOnlyForDeploymentPostprocessing = 0;
		};
		DC0ABACB27B4A62F00983BB9 /* Sources */ = {
			isa = PBXSourcesBuildPhase;
			buildActionMask = 2147483647;
			files = (
				DC0ABAD427B4A62F00983BB9 /* HackwichThreeUITests.swift in Sources */,
				DC0ABAD627B4A62F00983BB9 /* HackwichThreeUITestsLaunchTests.swift in Sources */,
			);
			runOnlyForDeploymentPostprocessing = 0;
		};
/* End PBXSourcesBuildPhase section */

/* Begin PBXTargetDependency section */
		DC0ABAC727B4A62F00983BB9 /* PBXTargetDependency */ = {
			isa = PBXTargetDependency;
			target = DC0ABAAE27B4A62D00983BB9 /* HackwichThree */;
			targetProxy = DC0ABAC627B4A62F00983BB9 /* PBXContainerItemProxy */;
		};
		DC0ABAD127B4A62F00983BB9 /* PBXTargetDependency */ = {
			isa = PBXTargetDependency;
			target = DC0ABAAE27B4A62D00983BB9 /* HackwichThree */;
			targetProxy = DC0ABAD027B4A62F00983BB9 /* PBXContainerItemProxy */;
		};
/* End PBXTargetDependency section */

/* Begin PBXVariantGroup section */
		DC0ABAB827B4A62D00983BB9 /* Main.storyboard */ = {
			isa = PBXVariantGroup;
			children = (
				DC0ABAB927B4A62D00983BB9 /* Base */,
			);
			name = Main.storyboard;
			sourceTree = "<group>";
		};
		DC0ABABD27B4A62F00983BB9 /* LaunchScreen.storyboard */ = {
			isa = PBXVariantGroup;
			children = (
				DC0ABABE27B4A62F00983BB9 /* Base */,
			);
			name = LaunchScreen.storyboard;
			sourceTree = "<group>";
		};
/* End PBXVariantGroup section */

/* Begin XCBuildConfiguration section */
		DC0ABAD727B4A62F00983BB9 /* Debug */ = {
			isa = XCBuildConfiguration;
			buildSettings = {
				ALWAYS_SEARCH_USER_PATHS = NO;
				CLANG_ANALYZER_NONNULL = YES;
				CLANG_ANALYZER_NUMBER_OBJECT_CONVERSION = YES_AGGRESSIVE;
				CLANG_CXX_LANGUAGE_STANDARD = "gnu++17";
				CLANG_CXX_LIBRARY = "libc++";
				CLANG_ENABLE_MODULES = YES;
				CLANG_ENABLE_OBJC_ARC = YES;
				CLANG_ENABLE_OBJC_WEAK = YES;
				CLANG_WARN_BLOCK_CAPTURE_AUTORELEASING = YES;
				CLANG_WARN_BOOL_CONVERSION = YES;
				CLANG_WARN_COMMA = YES;
				CLANG_WARN_CONSTANT_CONVERSION = YES;
				CLANG_WARN_DEPRECATED_OBJC_IMPLEMENTATIONS = YES;
				CLANG_WARN_DIRECT_OBJC_ISA_USAGE = YES_ERROR;
				CLANG_WARN_DOCUMENTATION_COMMENTS = YES;
				CLANG_WARN_EMPTY_BODY = YES;
				CLANG_WARN_ENUM_CONVERSION = YES;
				CLANG_WARN_INFINITE_RECURSION = YES;
				CLANG_WARN_INT_CONVERSION = YES;
				CLANG_WARN_NON_LITERAL_NULL_CONVERSION = YES;
				CLANG_WARN_OBJC_IMPLICIT_RETAIN_SELF = YES;
				CLANG_WARN_OBJC_LITERAL_CONVERSION = YES;
				CLANG_WARN_OBJC_ROOT_CLASS = YES_ERROR;
				CLANG_WARN_QUOTED_INCLUDE_IN_FRAMEWORK_HEADER = YES;
				CLANG_WARN_RANGE_LOOP_ANALYSIS = YES;
				CLANG_WARN_STRICT_PROTOTYPES = YES;
				CLANG_WARN_SUSPICIOUS_MOVE = YES;
				CLANG_WARN_UNGUARDED_AVAILABILITY = YES_AGGRESSIVE;
				CLANG_WARN_UNREACHABLE_CODE = YES;
				CLANG_WARN__DUPLICATE_METHOD_MATCH = YES;
				COPY_PHASE_STRIP = NO;
				DEBUG_INFORMATION_FORMAT = dwarf;
				ENABLE_STRICT_OBJC_MSGSEND = YES;
				ENABLE_TESTABILITY = YES;
				GCC_C_LANGUAGE_STANDARD = gnu11;
				GCC_DYNAMIC_NO_PIC = NO;
				GCC_NO_COMMON_BLOCKS = YES;
				GCC_OPTIMIZATION_LEVEL = 0;
				GCC_PREPROCESSOR_DEFINITIONS = (
					"DEBUG=1",
					"$(inherited)",
				);
				GCC_WARN_64_TO_32_BIT_CONVERSION = YES;
				GCC_WARN_ABOUT_RETURN_TYPE = YES_ERROR;
				GCC_WARN_UNDECLARED_SELECTOR = YES;
				GCC_WARN_UNINITIALIZED_AUTOS = YES_AGGRESSIVE;
				GCC_WARN_UNUSED_FUNCTION = YES;
				GCC_WARN_UNUSED_VARIABLE = YES;
				IPHONEOS_DEPLOYMENT_TARGET = 15.2;
				MTL_ENABLE_DEBUG_INFO = INCLUDE_SOURCE;
				MTL_FAST_MATH = YES;
				ONLY_ACTIVE_ARCH = YES;
				SDKROOT = iphoneos;
				SWIFT_ACTIVE_COMPILATION_CONDITIONS = DEBUG;
				SWIFT_OPTIMIZATION_LEVEL = "-Onone";
			};
			name = Debug;
		};
		DC0ABAD827B4A62F00983BB9 /* Release */ = {
			isa = XCBuildConfiguration;
			buildSettings = {
				ALWAYS_SEARCH_USER_PATHS = NO;
				CLANG_ANALYZER_NONNULL = YES;
				CLANG_ANALYZER_NUMBER_OBJECT_CONVERSION = YES_AGGRESSIVE;
				CLANG_CXX_LANGUAGE_STANDARD = "gnu++17";
				CLANG_CXX_LIBRARY = "libc++";
				CLANG_ENABLE_MODULES = YES;
				CLANG_ENABLE_OBJC_ARC = YES;
				CLANG_ENABLE_OBJC_WEAK = YES;
				CLANG_WARN_BLOCK_CAPTURE_AUTORELEASING = YES;
				CLANG_WARN_BOOL_CONVERSION = YES;
				CLANG_WARN_COMMA = YES;
				CLANG_WARN_CONSTANT_CONVERSION = YES;
				CLANG_WARN_DEPRECATED_OBJC_IMPLEMENTATIONS = YES;
				CLANG_WARN_DIRECT_OBJC_ISA_USAGE = YES_ERROR;
				CLANG_WARN_DOCUMENTATION_COMMENTS = YES;
				CLANG_WARN_EMPTY_BODY = YES;
				CLANG_WARN_ENUM_CONVERSION = YES;
				CLANG_WARN_INFINITE_RECURSION = YES;
				CLANG_WARN_INT_CONVERSION = YES;
				CLANG_WARN_NON_LITERAL_NULL_CONVERSION = YES;
				CLANG_WARN_OBJC_IMPLICIT_RETAIN_SELF = YES;
				CLANG_WARN_OBJC_LITERAL_CONVERSION = YES;
				CLANG_WARN_OBJC_ROOT_CLASS = YES_ERROR;
				CLANG_WARN_QUOTED_INCLUDE_IN_FRAMEWORK_HEADER = YES;
				CLANG_WARN_RANGE_LOOP_ANALYSIS = YES;
				CLANG_WARN_STRICT_PROTOTYPES = YES;
				CLANG_WARN_SUSPICIOUS_MOVE = YES;
				CLANG_WARN_UNGUARDED_AVAILABILITY = YES_AGGRESSIVE;
				CLANG_WARN_UNREACHABLE_CODE = YES;
				CLANG_WARN__DUPLICATE_METHOD_MATCH = YES;
				COPY_PHASE_STRIP = NO;
				DEBUG_INFORMATION_FORMAT = "dwarf-with-dsym";
				ENABLE_NS_ASSERTIONS = NO;
				ENABLE_STRICT_OBJC_MSGSEND = YES;
				GCC_C_LANGUAGE_STANDARD = gnu11;
				GCC_NO_COMMON_BLOCKS = YES;
				GCC_WARN_64_TO_32_BIT_CONVERSION = YES;
				GCC_WARN_ABOUT_RETURN_TYPE = YES_ERROR;
				GCC_WARN_UNDECLARED_SELECTOR = YES;
				GCC_WARN_UNINITIALIZED_AUTOS = YES_AGGRESSIVE;
				GCC_WARN_UNUSED_FUNCTION = YES;
				GCC_WARN_UNUSED_VARIABLE = YES;
				IPHONEOS_DEPLOYMENT_TARGET = 15.2;
				MTL_ENABLE_DEBUG_INFO = NO;
				MTL_FAST_MATH = YES;
				SDKROOT = iphoneos;
				SWIFT_COMPILATION_MODE = wholemodule;
				SWIFT_OPTIMIZATION_LEVEL = "-O";
				VALIDATE_PRODUCT = YES;
			};
			name = Release;
		};
		DC0ABADA27B4A62F00983BB9 /* Debug */ = {
			isa = XCBuildConfiguration;
			buildSettings = {
				ASSETCATALOG_COMPILER_APPICON_NAME = AppIcon;
				ASSETCATALOG_COMPILER_GLOBAL_ACCENT_COLOR_NAME = AccentColor;
				CODE_SIGN_STYLE = Automatic;
				CURRENT_PROJECT_VERSION = 1;
				DEVELOPMENT_TEAM = 8VJRV8H9G9;
				GENERATE_INFOPLIST_FILE = YES;
				INFOPLIST_FILE = HackwichThree/Info.plist;
				INFOPLIST_KEY_UIApplicationSupportsIndirectInputEvents = YES;
				INFOPLIST_KEY_UILaunchStoryboardName = LaunchScreen;
				INFOPLIST_KEY_UIMainStoryboardFile = Main;
				INFOPLIST_KEY_UISupportedInterfaceOrientations_iPad = "UIInterfaceOrientationPortrait UIInterfaceOrientationPortraitUpsideDown UIInterfaceOrientationLandscapeLeft UIInterfaceOrientationLandscapeRight";
				INFOPLIST_KEY_UISupportedInterfaceOrientations_iPhone = "UIInterfaceOrientationPortrait UIInterfaceOrientationLandscapeLeft UIInterfaceOrientationLandscapeRight";
				LD_RUNPATH_SEARCH_PATHS = (
					"$(inherited)",
					"@executable_path/Frameworks",
				);
				MARKETING_VERSION = 1.0;
				PRODUCT_BUNDLE_IDENTIFIER = UHWO.HackwichThree;
				PRODUCT_NAME = "$(TARGET_NAME)";
				SWIFT_EMIT_LOC_STRINGS = YES;
				SWIFT_VERSION = 5.0;
				TARGETED_DEVICE_FAMILY = "1,2";
			};
			name = Debug;
		};
		DC0ABADB27B4A62F00983BB9 /* Release */ = {
			isa = XCBuildConfiguration;
			buildSettings = {
				ASSETCATALOG_COMPILER_APPICON_NAME = AppIcon;
				ASSETCATALOG_COMPILER_GLOBAL_ACCENT_COLOR_NAME = AccentColor;
				CODE_SIGN_STYLE = Automatic;
				CURRENT_PROJECT_VERSION = 1;
				DEVELOPMENT_TEAM = 8VJRV8H9G9;
				GENERATE_INFOPLIST_FILE = YES;
				INFOPLIST_FILE = HackwichThree/Info.plist;
				INFOPLIST_KEY_UIApplicationSupportsIndirectInputEvents = YES;
				INFOPLIST_KEY_UILaunchStoryboardName = LaunchScreen;
				INFOPLIST_KEY_UIMainStoryboardFile = Main;
				INFOPLIST_KEY_UISupportedInterfaceOrientations_iPad = "UIInterfaceOrientationPortrait UIInterfaceOrientationPortraitUpsideDown UIInterfaceOrientationLandscapeLeft UIInterfaceOrientationLandscapeRight";
				INFOPLIST_KEY_UISupportedInterfaceOrientations_iPhone = "UIInterfaceOrientationPortrait UIInterfaceOrientationLandscapeLeft UIInterfaceOrientationLandscapeRight";
				LD_RUNPATH_SEARCH_PATHS = (
					"$(inherited)",
					"@executable_path/Frameworks",
				);
				MARKETING_VERSION = 1.0;
				PRODUCT_BUNDLE_IDENTIFIER = UHWO.HackwichThree;
				PRODUCT_NAME = "$(TARGET_NAME)";
				SWIFT_EMIT_LOC_STRINGS = YES;
				SWIFT_VERSION = 5.0;
				TARGETED_DEVICE_FAMILY = "1,2";
			};
			name = Release;
		};
		DC0ABADD27B4A62F00983BB9 /* Debug */ = {
			isa = XCBuildConfiguration;
			buildSettings = {
				ALWAYS_EMBED_SWIFT_STANDARD_LIBRARIES = YES;
				BUNDLE_LOADER = "$(TEST_HOST)";
				CODE_SIGN_STYLE = Automatic;
				CURRENT_PROJECT_VERSION = 1;
				DEVELOPMENT_TEAM = 8VJRV8H9G9;
				GENERATE_INFOPLIST_FILE = YES;
				IPHONEOS_DEPLOYMENT_TARGET = 15.2;
				MARKETING_VERSION = 1.0;
				PRODUCT_BUNDLE_IDENTIFIER = UHWO.HackwichThreeTests;
				PRODUCT_NAME = "$(TARGET_NAME)";
				SWIFT_EMIT_LOC_STRINGS = NO;
				SWIFT_VERSION = 5.0;
				TARGETED_DEVICE_FAMILY = "1,2";
				TEST_HOST = "$(BUILT_PRODUCTS_DIR)/HackwichThree.app/HackwichThree";
			};
			name = Debug;
		};
		DC0ABADE27B4A62F00983BB9 /* Release */ = {
			isa = XCBuildConfiguration;
			buildSettings = {
				ALWAYS_EMBED_SWIFT_STANDARD_LIBRARIES = YES;
				BUNDLE_LOADER = "$(TEST_HOST)";
				CODE_SIGN_STYLE = Automatic;
				CURRENT_PROJECT_VERSION = 1;
				DEVELOPMENT_TEAM = 8VJRV8H9G9;
				GENERATE_INFOPLIST_FILE = YES;
				IPHONEOS_DEPLOYMENT_TARGET = 15.2;
				MARKETING_VERSION = 1.0;
				PRODUCT_BUNDLE_IDENTIFIER = UHWO.HackwichThreeTests;
				PRODUCT_NAME = "$(TARGET_NAME)";
				SWIFT_EMIT_LOC_STRINGS = NO;
				SWIFT_VERSION = 5.0;
				TARGETED_DEVICE_FAMILY = "1,2";
				TEST_HOST = "$(BUILT_PRODUCTS_DIR)/HackwichThree.app/HackwichThree";
			};
			name = Release;
		};
		DC0ABAE027B4A62F00983BB9 /* Debug */ = {
			isa = XCBuildConfiguration;
			buildSettings = {
				ALWAYS_EMBED_SWIFT_STANDARD_LIBRARIES = YES;
				CODE_SIGN_STYLE = Automatic;
				CURRENT_PROJECT_VERSION = 1;
				DEVELOPMENT_TEAM = 8VJRV8H9G9;
				GENERATE_INFOPLIST_FILE = YES;
				MARKETING_VERSION = 1.0;
				PRODUCT_BUNDLE_IDENTIFIER = UHWO.HackwichThreeUITests;
				PRODUCT_NAME = "$(TARGET_NAME)";
				SWIFT_EMIT_LOC_STRINGS = NO;
				SWIFT_VERSION = 5.0;
				TARGETED_DEVICE_FAMILY = "1,2";
				TEST_TARGET_NAME = HackwichThree;
			};
			name = Debug;
		};
		DC0ABAE127B4A62F00983BB9 /* Release */ = {
			isa = XCBuildConfiguration;
			buildSettings = {
				ALWAYS_EMBED_SWIFT_STANDARD_LIBRARIES = YES;
				CODE_SIGN_STYLE = Automatic;
				CURRENT_PROJECT_VERSION = 1;
				DEVELOPMENT_TEAM = 8VJRV8H9G9;
				GENERATE_INFOPLIST_FILE = YES;
				MARKETING_VERSION = 1.0;
				PRODUCT_BUNDLE_IDENTIFIER = UHWO.HackwichThreeUITests;
				PRODUCT_NAME = "$(TARGET_NAME)";
				SWIFT_EMIT_LOC_STRINGS = NO;
				SWIFT_VERSION = 5.0;
				TARGETED_DEVICE_FAMILY = "1,2";
				TEST_TARGET_NAME = HackwichThree;
			};
			name = Release;
		};
/* End XCBuildConfiguration section */

/* Begin XCConfigurationList section */
		DC0ABAAA27B4A62D00983BB9 /* Build configuration list for PBXProject "HackwichThree" */ = {
			isa = XCConfigurationList;
			buildConfigurations = (
				DC0ABAD727B4A62F00983BB9 /* Debug */,
				DC0ABAD827B4A62F00983BB9 /* Release */,
			);
			defaultConfigurationIsVisible = 0;
			defaultConfigurationName = Release;
		};
		DC0ABAD927B4A62F00983BB9 /* Build configuration list for PBXNativeTarget "HackwichThree" */ = {
			isa = XCConfigurationList;
			buildConfigurations = (
				DC0ABADA27B4A62F00983BB9 /* Debug */,
				DC0ABADB27B4A62F00983BB9 /* Release */,
			);
			defaultConfigurationIsVisible = 0;
			defaultConfigurationName = Release;
		};
		DC0ABADC27B4A62F00983BB9 /* Build configuration list for PBXNativeTarget "HackwichThreeTests" */ = {
			isa = XCConfigurationList;
			buildConfigurations = (
				DC0ABADD27B4A62F00983BB9 /* Debug */,
				DC0ABADE27B4A62F00983BB9 /* Release */,
			);
			defaultConfigurationIsVisible = 0;
			defaultConfigurationName = Release;
		};
		DC0ABADF27B4A62F00983BB9 /* Build configuration list for PBXNativeTarget "HackwichThreeUITests" */ = {
			isa = XCConfigurationList;
			buildConfigurations = (
				DC0ABAE027B4A62F00983BB9 /* Debug */,
				DC0ABAE127B4A62F00983BB9 /* Release */,
			);
			defaultConfigurationIsVisible = 0;
			defaultConfigurationName = Release;
		};
/* End XCConfigurationList section */
	};
	rootObject = DC0ABAA727B4A62D00983BB9 /* Project object */;
}
